// !$*UTF8*$!
{
	archiveVersion = 1;
	classes = {
	};
	objectVersion = 46;
	objects = {

/* Begin PBXBuildFile section */
		BDAEF4B71B44545000711F03 /* AppDelegate.swift in Sources */ = {isa = PBXBuildFile; fileRef = BDAEF4B61B44545000711F03 /* AppDelegate.swift */; };
		BDAEF4B91B44545000711F03 /* Images.xcassets in Resources */ = {isa = PBXBuildFile; fileRef = BDAEF4B81B44545000711F03 /* Images.xcassets */; };
		BDEF948F1B446D75007B3A29 /* Application.xib in Resources */ = {isa = PBXBuildFile; fileRef = BDEF948E1B446D75007B3A29 /* Application.xib */; };
/* End PBXBuildFile section */

/* Begin PBXFileReference section */
		BDAEF4B11B44545000711F03 /* Zcode.app */ = {isa = PBXFileReference; explicitFileType = wrapper.application; includeInIndex = 0; path = Zcode.app; sourceTree = BUILT_PRODUCTS_DIR; };
		BDAEF4B51B44545000711F03 /* Info.plist */ = {isa = PBXFileReference; lastKnownFileType = text.plist.xml; path = Info.plist; sourceTree = "<group>"; };
		BDAEF4B61B44545000711F03 /* AppDelegate.swift */ = {isa = PBXFileReference; lastKnownFileType = sourcecode.swift; path = AppDelegate.swift; sourceTree = "<group>"; };
		BDAEF4B81B44545000711F03 /* Images.xcassets */ = {isa = PBXFileReference; lastKnownFileType = folder.assetcatalog; path = Images.xcassets; sourceTree = "<group>"; };
		BDEF948E1B446D75007B3A29 /* Application.xib */ = {isa = PBXFileReference; fileEncoding = 4; lastKnownFileType = file.xib; path = Application.xib; sourceTree = "<group>"; };
/* End PBXFileReference section */

/* Begin PBXFrameworksBuildPhase section */
		BDAEF4AE1B44545000711F03 /* Frameworks */ = {
			isa = PBXFrameworksBuildPhase;
			buildActionMask = 2147483647;
			files = (
			);
			runOnlyForDeploymentPostprocessing = 0;
		};
/* End PBXFrameworksBuildPhase section */

/* Begin PBXGroup section */
		BDAEF4A81B44545000711F03 = {
			isa = PBXGroup;
			children = (
				BDAEF4B31B44545000711F03 /* Zcode */,
				BDAEF4B21B44545000711F03 /* Products */,
			);
			sourceTree = "<group>";
		};
		BDAEF4B21B44545000711F03 /* Products */ = {
			isa = PBXGroup;
			children = (
				BDAEF4B11B44545000711F03 /* Zcode.app */,
			);
			name = Products;
			sourceTree = "<group>";
		};
		BDAEF4B31B44545000711F03 /* Zcode */ = {
			isa = PBXGroup;
			children = (
				BDAEF4B61B44545000711F03 /* AppDelegate.swift */,
				BDAEF4B81B44545000711F03 /* Images.xcassets */,
				BDAEF4B41B44545000711F03 /* Supporting Files */,
			);
			path = Zcode;
			sourceTree = "<group>";
		};
		BDAEF4B41B44545000711F03 /* Supporting Files */ = {
			isa = PBXGroup;
			children = (
				BDAEF4B51B44545000711F03 /* Info.plist */,
				BDEF948E1B446D75007B3A29 /* Application.xib */,
			);
			name = "Supporting Files";
			sourceTree = "<group>";
		};
/* End PBXGroup section */

/* Begin PBXNativeTarget section */
		BDAEF4B01B44545000711F03 /* Zcode */ = {
			isa = PBXNativeTarget;
			buildConfigurationList = BDAEF4CB1B44545000711F03 /* Build configuration list for PBXNativeTarget "Zcode" */;
			buildPhases = (
				BDAEF4AD1B44545000711F03 /* Sources */,
				BDAEF4AE1B44545000711F03 /* Frameworks */,
				BDAEF4AF1B44545000711F03 /* Resources */,
			);
			buildRules = (
			);
			dependencies = (
			);
			name = Zcode;
			productName = Zcode;
			productReference = BDAEF4B11B44545000711F03 /* Zcode.app */;
			productType = "com.apple.product-type.application";
		};
/* End PBXNativeTarget section */

/* Begin PBXProject section */
		BDAEF4A91B44545000711F03 /* Project object */ = {
			isa = PBXProject;
			attributes = {
				LastUpgradeCheck = 0640;
				ORGANIZATIONNAME = zenangst;
				TargetAttributes = {
					BDAEF4B01B44545000711F03 = {
						CreatedOnToolsVersion = 6.4;
					};
				};
			};
			buildConfigurationList = BDAEF4AC1B44545000711F03 /* Build configuration list for PBXProject "Zcode" */;
			compatibilityVersion = "Xcode 3.2";
			developmentRegion = English;
			hasScannedForEncodings = 0;
			knownRegions = (
				en,
				Base,
			);
			mainGroup = BDAEF4A81B44545000711F03;
			productRefGroup = BDAEF4B21B44545000711F03 /* Products */;
			projectDirPath = "";
			projectRoot = "";
			targets = (
				BDAEF4B01B44545000711F03 /* Zcode */,
			);
		};
/* End PBXProject section */

/* Begin PBXResourcesBuildPhase section */
		BDAEF4AF1B44545000711F03 /* Resources */ = {
			isa = PBXResourcesBuildPhase;
			buildActionMask = 2147483647;
			files = (
				BDEF948F1B446D75007B3A29 /* Application.xib in Resources */,
				BDAEF4B91B44545000711F03 /* Images.xcassets in Resources */,
			);
			runOnlyForDeploymentPostprocessing = 0;
		};
/* End PBXResourcesBuildPhase section */

/* Begin PBXSourcesBuildPhase section */
		BDAEF4AD1B44545000711F03 /* Sources */ = {
			isa = PBXSourcesBuildPhase;
			buildActionMask = 2147483647;
			files = (
				BDAEF4B71B44545000711F03 /* AppDelegate.swift in Sources */,
			);
			runOnlyForDeploymentPostprocessing = 0;
		};
/* End PBXSourcesBuildPhase section */

/* Begin XCBuildConfiguration section */
		BDAEF4C91B44545000711F03 /* Debug */ = {
			isa = XCBuildConfiguration;
			buildSettings = {
				ALWAYS_SEARCH_USER_PATHS = NO;
				CLANG_CXX_LANGUAGE_STANDARD = "gnu++0x";
				CLANG_CXX_LIBRARY = "libc++";
				CLANG_ENABLE_MODULES = YES;
				CLANG_ENABLE_OBJC_ARC = YES;
				CLANG_WARN_BOOL_CONVERSION = YES;
				CLANG_WARN_CONSTANT_CONVERSION = YES;
				CLANG_WARN_DIRECT_OBJC_ISA_USAGE = YES_ERROR;
				CLANG_WARN_EMPTY_BODY = YES;
				CLANG_WARN_ENUM_CONVERSION = YES;
				CLANG_WARN_INT_CONVERSION = YES;
				CLANG_WARN_OBJC_ROOT_CLASS = YES_ERROR;
				CLANG_WARN_UNREACHABLE_CODE = YES;
				CLANG_WARN__DUPLICATE_METHOD_MATCH = YES;
				CODE_SIGN_IDENTITY = "-";
				COPY_PHASE_STRIP = NO;
				DEBUG_INFORMATION_FORMAT = dwarf;
				ENABLE_STRICT_OBJC_MSGSEND = YES;
				GCC_C_LANGUAGE_STANDARD = gnu99;
				GCC_DYNAMIC_NO_PIC = NO;
				GCC_NO_COMMON_BLOCKS = YES;
				GCC_OPTIMIZATION_LEVEL = 0;
				GCC_PREPROCESSOR_DEFINITIONS = (
					"DEBUG=1",
					"$(inherited)",
				);
				GCC_SYMBOLS_PRIVATE_EXTERN = NO;
				GCC_WARN_64_TO_32_BIT_CONVERSION = YES;
				GCC_WARN_ABOUT_RETURN_TYPE = YES_ERROR;
				GCC_WARN_UNDECLARED_SELECTOR = YES;
				GCC_WARN_UNINITIALIZED_AUTOS = YES_AGGRESSIVE;
				GCC_WARN_UNUSED_FUNCTION = YES;
				GCC_WARN_UNUSED_VARIABLE = YES;
				MACOSX_DEPLOYMENT_TARGET = 10.11;
				MTL_ENABLE_DEBUG_INFO = YES;
				ONLY_ACTIVE_ARCH = YES;
				SDKROOT = macosx;
				SWIFT_OPTIMIZATION_LEVEL = "-Onone";
			};
			name = Debug;
		};
		BDAEF4CA1B44545000711F03 /* Release */ = {
			isa = XCBuildConfiguration;
			buildSettings = {
				ALWAYS_SEARCH_USER_PATHS = NO;
				CLANG_CXX_LANGUAGE_STANDARD = "gnu++0x";
				CLANG_CXX_LIBRARY = "libc++";
				CLANG_ENABLE_MODULES = YES;
				CLANG_ENABLE_OBJC_ARC = YES;
				CLANG_WARN_BOOL_CONVERSION = YES;
				CLANG_WARN_CONSTANT_CONVERSION = YES;
				CLANG_WARN_DIRECT_OBJC_ISA_USAGE = YES_ERROR;
				CLANG_WARN_EMPTY_BODY = YES;
				CLANG_WARN_ENUM_CONVERSION = YES;
				CLANG_WARN_INT_CONVERSION = YES;
				CLANG_WARN_OBJC_ROOT_CLASS = YES_ERROR;
				CLANG_WARN_UNREACHABLE_CODE = YES;
				CLANG_WARN__DUPLICATE_METHOD_MATCH = YES;
				CODE_SIGN_IDENTITY = "-";
				COPY_PHASE_STRIP = NO;
				DEBUG_INFORMATION_FORMAT = "dwarf-with-dsym";
				ENABLE_NS_ASSERTIONS = NO;
				ENABLE_STRICT_OBJC_MSGSEND = YES;
				GCC_C_LANGUAGE_STANDARD = gnu99;
				GCC_NO_COMMON_BLOCKS = YES;
				GCC_WARN_64_TO_32_BIT_CONVERSION = YES;
				GCC_WARN_ABOUT_RETURN_TYPE = YES_ERROR;
				GCC_WARN_UNDECLARED_SELECTOR = YES;
				GCC_WARN_UNINITIALIZED_AUTOS = YES_AGGRESSIVE;
				GCC_WARN_UNUSED_FUNCTION = YES;
				GCC_WARN_UNUSED_VARIABLE = YES;
				MACOSX_DEPLOYMENT_TARGET = 10.11;
				MTL_ENABLE_DEBUG_INFO = NO;
				SDKROOT = macosx;
			};
			name = Release;
		};
		BDAEF4CC1B44545000711F03 /* Debug */ = {
			isa = XCBuildConfiguration;
			buildSettings = {
				ASSETCATALOG_COMPILER_APPICON_NAME = AppIcon;
				COMBINE_HIDPI_IMAGES = YES;
				INFOPLIST_FILE = Zcode/Info.plist;
				LD_RUNPATH_SEARCH_PATHS = "$(inherited) @executable_path/../Frameworks";
				PRODUCT_NAME = "$(TARGET_NAME)";
			};
			name = Debug;
		};
		BDAEF4CD1B44545000711F03 /* Release */ = {
			isa = XCBuildConfiguration;
			buildSettings = {
				ASSETCATALOG_COMPILER_APPICON_NAME = AppIcon;
				COMBINE_HIDPI_IMAGES = YES;
				INFOPLIST_FILE = Zcode/Info.plist;
				LD_RUNPATH_SEARCH_PATHS = "$(inherited) @executable_path/../Frameworks";
				PRODUCT_NAME = "$(TARGET_NAME)";
			};
			name = Release;
		};
/* End XCBuildConfiguration section */

/* Begin XCConfigurationList section */
		BDAEF4AC1B44545000711F03 /* Build configuration list for PBXProject "Zcode" */ = {
			isa = XCConfigurationList;
			buildConfigurations = (
				BDAEF4C91B44545000711F03 /* Debug */,
				BDAEF4CA1B44545000711F03 /* Release */,
			);
			defaultConfigurationIsVisible = 0;
			defaultConfigurationName = Release;
		};
		BDAEF4CB1B44545000711F03 /* Build configuration list for PBXNativeTarget "Zcode" */ = {
			isa = XCConfigurationList;
			buildConfigurations = (
				BDAEF4CC1B44545000711F03 /* Debug */,
				BDAEF4CD1B44545000711F03 /* Release */,
			);
			defaultConfigurationIsVisible = 0;
			defaultConfigurationName = Release;
		};
/* End XCConfigurationList section */
	};
	rootObject = BDAEF4A91B44545000711F03 /* Project object */;
}
